<?xml version="1.0" encoding="utf-8"?>
<Project ToolsVersion="4.0" xmlns="http://schemas.microsoft.com/developer/msbuild/2003">
  <ItemGroup>
    <Filter Include="Source Files">
      <UniqueIdentifier>{4FC737F1-C7A5-4376-A066-2A32D752A2FF}</UniqueIdentifier>
      <Extensions>cpp;c;cc;cxx;def;odl;idl;hpj;bat;asm;asmx</Extensions>
    </Filter>
    <Filter Include="Header Files">
      <UniqueIdentifier>{93995380-89BD-4b04-88EB-625FBE52EBFB}</UniqueIdentifier>
      <Extensions>h;hh;hpp;hxx;hm;inl;inc;ipp;xsd</Extensions>
    </Filter>
    <Filter Include="Resource Files">
      <UniqueIdentifier>{67DA6AB6-F800-4c08-8B7A-83BB121AAD01}</UniqueIdentifier>
      <Extensions>rc;ico;cur;bmp;dlg;rc2;rct;bin;rgs;gif;jpg;jpeg;jpe;resx;tiff;tif;png;wav;mfcribbon-ms</Extensions>
    </Filter>
    <Filter Include="DisplayHandler">
      <UniqueIdentifier>{a9993ec9-df41-4e67-9ae8-3ab8ead8622d}</UniqueIdentifier>
    </Filter>
    <Filter Include="ErrorHandlers">
      <UniqueIdentifier>{553d8b3c-0e38-42ee-a79d-9a8040363ad1}</UniqueIdentifier>
    </Filter>
    <Filter Include="FileSystem">
      <UniqueIdentifier>{dbc53278-b246-4b86-b567-b43efc1ff147}</UniqueIdentifier>
    </Filter>
    <Filter Include="FileSystem\FileSystemHandlers">
      <UniqueIdentifier>{5286b5ef-62e4-4294-8f59-abe55df29857}</UniqueIdentifier>
    </Filter>
    <Filter Include="FileSystem\FileSystemHandlers\DirectoryHandler">
      <UniqueIdentifier>{32bc58cd-7743-43de-a9e6-34bbd04956d3}</UniqueIdentifier>
    </Filter>
    <Filter Include="FileSystem\FileSystemHandlers\FileHandler">
      <UniqueIdentifier>{dabfb95e-6b61-4b73-948e-fabd439981cf}</UniqueIdentifier>
    </Filter>
  </ItemGroup>
  <ItemGroup>
    <ClCompile Include="main.cpp">
      <Filter>Source Files</Filter>
    </ClCompile>
    <ClCompile Include="Data.cpp">
      <Filter>Source Files</Filter>
    </ClCompile>
    <ClCompile Include="Database.cpp">
      <Filter>Source Files</Filter>
    </ClCompile>
    <ClCompile Include="help_func.cpp">
      <Filter>Source Files</Filter>
    </ClCompile>
    <ClCompile Include="User.cpp">
      <Filter>Source Files</Filter>
    </ClCompile>
    <ClCompile Include="Hash.cpp">
      <Filter>Source Files</Filter>
    </ClCompile>
    <ClCompile Include="DisplayHandler\TerminalDisplay.cpp">
      <Filter>DisplayHandler</Filter>
    </ClCompile>
    <ClCompile Include="ErrorHandlers\ErrorLogger.cpp">
      <Filter>ErrorHandlers</Filter>
    </ClCompile>
    <ClCompile Include="FileSystem\FileSystem.cpp">
      <Filter>FileSystem</Filter>
    </ClCompile>
    <ClCompile Include="FileSystem\FileSystemHandlers\FileHandler\FileHandler.cpp">
      <Filter>FileSystem\FileSystemHandlers\FileHandler</Filter>
    </ClCompile>
  </ItemGroup>
  <ItemGroup>
    <ClInclude Include="Database.h">
      <Filter>Header Files</Filter>
    </ClInclude>
    <ClInclude Include="Data.h">
      <Filter>Header Files</Filter>
    </ClInclude>
    <ClInclude Include="help_func.h">
      <Filter>Header Files</Filter>
    </ClInclude>
    <ClInclude Include="User.h">
      <Filter>Header Files</Filter>
    </ClInclude>
    <ClInclude Include="Hash.h">
      <Filter>Header Files</Filter>
    </ClInclude>
    <ClInclude Include="DisplayHandler\Display.h">
      <Filter>DisplayHandler</Filter>
    </ClInclude>
    <ClInclude Include="ErrorHandlers\ErrorLogger.h">
      <Filter>ErrorHandlers</Filter>
    </ClInclude>
    <ClInclude Include="FileSystem\FileSystem.h">
      <Filter>FileSystem</Filter>
    </ClInclude>
    <ClInclude Include="FileSystem\FileSystemHandlers\FileHandler\FileHandler.h">
      <Filter>FileSystem\FileSystemHandlers\FileHandler</Filter>
    </ClInclude>
  </ItemGroup>
  <ItemGroup>
    <None Include=".editorconfig" />
    <None Include="packages.config" />
  </ItemGroup>
  <ItemGroup>
    <Text Include="Design.txt" />
  </ItemGroup>
  <ItemGroup>
    <Library Include="..\..\..\..\Desktop\Crypto++\cryptopp820\Win32\Output\Release\cryptlib.lib" />
  </ItemGroup>
</Project>