<?xml version="1.0" encoding="utf-8"?>
<Project ToolsVersion="4.0" xmlns="http://schemas.microsoft.com/developer/msbuild/2003">
  <ItemGroup>
    <Filter Include="Source Files">
      <UniqueIdentifier>{4FC737F1-C7A5-4376-A066-2A32D752A2FF}</UniqueIdentifier>
      <Extensions>cpp;c;cc;cxx;def;odl;idl;hpj;bat;asm;asmx</Extensions>
    </Filter>
    <Filter Include="Header Files">
      <UniqueIdentifier>{93995380-89BD-4b04-88EB-625FBE52EBFB}</UniqueIdentifier>
      <Extensions>h;hh;hpp;hxx;hm;inl;inc;ipp;xsd</Extensions>
    </Filter>
    <Filter Include="Resource Files">
      <UniqueIdentifier>{67DA6AB6-F800-4c08-8B7A-83BB121AAD01}</UniqueIdentifier>
      <Extensions>rc;ico;cur;bmp;dlg;rc2;rct;bin;rgs;gif;jpg;jpeg;jpe;resx;tiff;tif;png;wav;mfcribbon-ms</Extensions>
    </Filter>
    <Filter Include="FileSystem">
      <UniqueIdentifier>{c68868a0-e23a-4f19-9b63-b31b63285ff5}</UniqueIdentifier>
    </Filter>
    <Filter Include="ErrorHandlers">
      <UniqueIdentifier>{d57222ba-1f88-4cde-bb3c-c000da9f3cb2}</UniqueIdentifier>
    </Filter>
    <Filter Include="FileSystem\FileSystemHandlers">
      <UniqueIdentifier>{78d120e4-8929-4c69-90ca-37b200f7f2a2}</UniqueIdentifier>
    </Filter>
    <Filter Include="FileSystem\FileSystemHandlers\FileHandler">
      <UniqueIdentifier>{f5fd3edf-755f-43e5-9097-e5af1e5e803c}</UniqueIdentifier>
    </Filter>
    <Filter Include="FileSystem\FileSystemHandlers\DirectoryHandler">
      <UniqueIdentifier>{6c729479-034d-45c5-8dbc-ba704c6454bb}</UniqueIdentifier>
    </Filter>
    <Filter Include="DisplayHandler">
      <UniqueIdentifier>{d678aeec-22f2-411d-8988-2c722ddc5ec6}</UniqueIdentifier>
    </Filter>
  </ItemGroup>
  <ItemGroup>
    <ClCompile Include="main.cpp">
      <Filter>Source Files</Filter>
    </ClCompile>
    <ClCompile Include="Data.cpp">
      <Filter>Source Files</Filter>
    </ClCompile>
    <ClCompile Include="Database.cpp">
      <Filter>Source Files</Filter>
    </ClCompile>
    <ClCompile Include="help_func.cpp">
      <Filter>Source Files</Filter>
    </ClCompile>
    <ClCompile Include="FileSystem.cpp">
      <Filter>FileSystem</Filter>
    </ClCompile>
    <ClCompile Include="ErrorLogger.cpp">
      <Filter>ErrorHandlers</Filter>
    </ClCompile>
    <ClCompile Include="FileHandler.cpp">
      <Filter>FileSystem\FileSystemHandlers\FileHandler</Filter>
    </ClCompile>
    <ClCompile Include="User.cpp">
      <Filter>Source Files</Filter>
    </ClCompile>
    <ClCompile Include="Hash.cpp">
      <Filter>Source Files</Filter>
    </ClCompile>
    <ClCompile Include="TerminalDisplay.cpp">
      <Filter>DisplayHandler</Filter>
    </ClCompile>
  </ItemGroup>
  <ItemGroup>
    <ClInclude Include="Database.h">
      <Filter>Header Files</Filter>
    </ClInclude>
    <ClInclude Include="Data.h">
      <Filter>Header Files</Filter>
    </ClInclude>
    <ClInclude Include="help_func.h">
      <Filter>Header Files</Filter>
    </ClInclude>
    <ClInclude Include="FileSystem.h">
      <Filter>FileSystem</Filter>
    </ClInclude>
    <ClInclude Include="ErrorLogger.h">
      <Filter>ErrorHandlers</Filter>
    </ClInclude>
    <ClInclude Include="FileHandler.h">
      <Filter>FileSystem\FileSystemHandlers\FileHandler</Filter>
    </ClInclude>
    <ClInclude Include="User.h">
      <Filter>Header Files</Filter>
    </ClInclude>
    <ClInclude Include="Hash.h">
      <Filter>Header Files</Filter>
    </ClInclude>
    <ClInclude Include="Display.h">
      <Filter>DisplayHandler</Filter>
    </ClInclude>
  </ItemGroup>
  <ItemGroup>
    <None Include=".editorconfig" />
    <None Include="packages.config" />
  </ItemGroup>
  <ItemGroup>
    <Text Include="Design.txt" />
  </ItemGroup>
  <ItemGroup>
    <Library Include="..\..\..\..\Desktop\Crypto++\cryptopp820\Win32\Output\Release\cryptlib.lib" />
  </ItemGroup>
</Project>